// !$*UTF8*$!
{
	archiveVersion = 1;
	classes = {
	};
	objectVersion = 50;
	objects = {

/* Begin PBXBuildFile section */
		E636620E253D456600576D7F /* MotionManager.swift in Sources */ = {isa = PBXBuildFile; fileRef = E636620D253D456600576D7F /* MotionManager.swift */; };
		E6366211253D49D000576D7F /* art.scnassets in Resources */ = {isa = PBXBuildFile; fileRef = E6366210253D49D000576D7F /* art.scnassets */; };
		E6840700253CE69800E621F1 /* SwiftUISceneKitCoreMotionDemoApp.swift in Sources */ = {isa = PBXBuildFile; fileRef = E68406FF253CE69800E621F1 /* SwiftUISceneKitCoreMotionDemoApp.swift */; };
		E6840702253CE69800E621F1 /* ContentView.swift in Sources */ = {isa = PBXBuildFile; fileRef = E6840701253CE69800E621F1 /* ContentView.swift */; };
		E6840704253CE69A00E621F1 /* Assets.xcassets in Resources */ = {isa = PBXBuildFile; fileRef = E6840703253CE69A00E621F1 /* Assets.xcassets */; };
		E6840707253CE69A00E621F1 /* Preview Assets.xcassets in Resources */ = {isa = PBXBuildFile; fileRef = E6840706253CE69A00E621F1 /* Preview Assets.xcassets */; };
/* End PBXBuildFile section */

/* Begin PBXFileReference section */
		E636620D253D456600576D7F /* MotionManager.swift */ = {isa = PBXFileReference; fileEncoding = 4; lastKnownFileType = sourcecode.swift; path = MotionManager.swift; sourceTree = "<group>"; };
		E6366210253D49D000576D7F /* art.scnassets */ = {isa = PBXFileReference; lastKnownFileType = wrapper.scnassets; path = art.scnassets; sourceTree = "<group>"; };
		E68406FC253CE69800E621F1 /* SwiftUISceneKitCoreMotionDemo.app */ = {isa = PBXFileReference; explicitFileType = wrapper.application; includeInIndex = 0; path = SwiftUISceneKitCoreMotionDemo.app; sourceTree = BUILT_PRODUCTS_DIR; };
		E68406FF253CE69800E621F1 /* SwiftUISceneKitCoreMotionDemoApp.swift */ = {isa = PBXFileReference; lastKnownFileType = sourcecode.swift; path = SwiftUISceneKitCoreMotionDemoApp.swift; sourceTree = "<group>"; };
		E6840701253CE69800E621F1 /* ContentView.swift */ = {isa = PBXFileReference; lastKnownFileType = sourcecode.swift; path = ContentView.swift; sourceTree = "<group>"; };
		E6840703253CE69A00E621F1 /* Assets.xcassets */ = {isa = PBXFileReference; lastKnownFileType = folder.assetcatalog; path = Assets.xcassets; sourceTree = "<group>"; };
		E6840706253CE69A00E621F1 /* Preview Assets.xcassets */ = {isa = PBXFileReference; lastKnownFileType = folder.assetcatalog; path = "Preview Assets.xcassets"; sourceTree = "<group>"; };
		E6840708253CE69A00E621F1 /* Info.plist */ = {isa = PBXFileReference; lastKnownFileType = text.plist.xml; path = Info.plist; sourceTree = "<group>"; };
/* End PBXFileReference section */

/* Begin PBXFrameworksBuildPhase section */
		E68406F9253CE69800E621F1 /* Frameworks */ = {
			isa = PBXFrameworksBuildPhase;
			buildActionMask = 2147483647;
			files = (
			);
			runOnlyForDeploymentPostprocessing = 0;
		};
/* End PBXFrameworksBuildPhase section */

/* Begin PBXGroup section */
		E68406F3253CE69800E621F1 = {
			isa = PBXGroup;
			children = (
				E68406FE253CE69800E621F1 /* SwiftUISceneKitCoreMotionDemo */,
				E68406FD253CE69800E621F1 /* Products */,
			);
			sourceTree = "<group>";
		};
		E68406FD253CE69800E621F1 /* Products */ = {
			isa = PBXGroup;
			children = (
				E68406FC253CE69800E621F1 /* SwiftUISceneKitCoreMotionDemo.app */,
			);
			name = Products;
			sourceTree = "<group>";
		};
		E68406FE253CE69800E621F1 /* SwiftUISceneKitCoreMotionDemo */ = {
			isa = PBXGroup;
			children = (
				E68406FF253CE69800E621F1 /* SwiftUISceneKitCoreMotionDemoApp.swift */,
				E6840701253CE69800E621F1 /* ContentView.swift */,
				E636620D253D456600576D7F /* MotionManager.swift */,
				E6366210253D49D000576D7F /* art.scnassets */,
				E6840703253CE69A00E621F1 /* Assets.xcassets */,
				E6840708253CE69A00E621F1 /* Info.plist */,
				E6840705253CE69A00E621F1 /* Preview Content */,
			);
			path = SwiftUISceneKitCoreMotionDemo;
			sourceTree = "<group>";
		};
		E6840705253CE69A00E621F1 /* Preview Content */ = {
			isa = PBXGroup;
			children = (
				E6840706253CE69A00E621F1 /* Preview Assets.xcassets */,
			);
			path = "Preview Content";
			sourceTree = "<group>";
		};
/* End PBXGroup section */

/* Begin PBXNativeTarget section */
		E68406FB253CE69800E621F1 /* SwiftUISceneKitCoreMotionDemo */ = {
			isa = PBXNativeTarget;
			buildConfigurationList = E684070B253CE69A00E621F1 /* Build configuration list for PBXNativeTarget "SwiftUISceneKitCoreMotionDemo" */;
			buildPhases = (
				E68406F8253CE69800E621F1 /* Sources */,
				E68406F9253CE69800E621F1 /* Frameworks */,
				E68406FA253CE69800E621F1 /* Resources */,
			);
			buildRules = (
			);
			dependencies = (
			);
			name = SwiftUISceneKitCoreMotionDemo;
			productName = SwiftUISceneKitCoreMotionDemo;
			productReference = E68406FC253CE69800E621F1 /* SwiftUISceneKitCoreMotionDemo.app */;
			productType = "com.apple.product-type.application";
		};
/* End PBXNativeTarget section */

/* Begin PBXProject section */
		E68406F4253CE69800E621F1 /* Project object */ = {
			isa = PBXProject;
			attributes = {
				LastSwiftUpdateCheck = 1220;
				LastUpgradeCheck = 1220;
				TargetAttributes = {
					E68406FB253CE69800E621F1 = {
						CreatedOnToolsVersion = 12.2;
					};
				};
			};
			buildConfigurationList = E68406F7253CE69800E621F1 /* Build configuration list for PBXProject "SwiftUISceneKitCoreMotionDemo" */;
			compatibilityVersion = "Xcode 9.3";
			developmentRegion = en;
			hasScannedForEncodings = 0;
			knownRegions = (
				en,
				Base,
			);
			mainGroup = E68406F3253CE69800E621F1;
			productRefGroup = E68406FD253CE69800E621F1 /* Products */;
			projectDirPath = "";
			projectRoot = "";
			targets = (
				E68406FB253CE69800E621F1 /* SwiftUISceneKitCoreMotionDemo */,
			);
		};
/* End PBXProject section */

/* Begin PBXResourcesBuildPhase section */
		E68406FA253CE69800E621F1 /* Resources */ = {
			isa = PBXResourcesBuildPhase;
			buildActionMask = 2147483647;
			files = (
				E6840707253CE69A00E621F1 /* Preview Assets.xcassets in Resources */,
				E6366211253D49D000576D7F /* art.scnassets in Resources */,
				E6840704253CE69A00E621F1 /* Assets.xcassets in Resources */,
			);
			runOnlyForDeploymentPostprocessing = 0;
		};
/* End PBXResourcesBuildPhase section */

/* Begin PBXSourcesBuildPhase section */
		E68406F8253CE69800E621F1 /* Sources */ = {
			isa = PBXSourcesBuildPhase;
			buildActionMask = 2147483647;
			files = (
				E6840702253CE69800E621F1 /* ContentView.swift in Sources */,
				E636620E253D456600576D7F /* MotionManager.swift in Sources */,
				E6840700253CE69800E621F1 /* SwiftUISceneKitCoreMotionDemoApp.swift in Sources */,
			);
			runOnlyForDeploymentPostprocessing = 0;
		};
/* End PBXSourcesBuildPhase section */

/* Begin XCBuildConfiguration section */
		E6840709253CE69A00E621F1 /* Debug */ = {
			isa = XCBuildConfiguration;
			buildSettings = {
				ALWAYS_SEARCH_USER_PATHS = NO;
				CLANG_ANALYZER_NONNULL = YES;
				CLANG_ANALYZER_NUMBER_OBJECT_CONVERSION = YES_AGGRESSIVE;
				CLANG_CXX_LANGUAGE_STANDARD = "gnu++14";
				CLANG_CXX_LIBRARY = "libc++";
				CLANG_ENABLE_MODULES = YES;
				CLANG_ENABLE_OBJC_ARC = YES;
				CLANG_ENABLE_OBJC_WEAK = YES;
				CLANG_WARN_BLOCK_CAPTURE_AUTORELEASING = YES;
				CLANG_WARN_BOOL_CONVERSION = YES;
				CLANG_WARN_COMMA = YES;
				CLANG_WARN_CONSTANT_CONVERSION = YES;
				CLANG_WARN_DEPRECATED_OBJC_IMPLEMENTATIONS = YES;
				CLANG_WARN_DIRECT_OBJC_ISA_USAGE = YES_ERROR;
				CLANG_WARN_DOCUMENTATION_COMMENTS = YES;
				CLANG_WARN_EMPTY_BODY = YES;
				CLANG_WARN_ENUM_CONVERSION = YES;
				CLANG_WARN_INFINITE_RECURSION = YES;
				CLANG_WARN_INT_CONVERSION = YES;
				CLANG_WARN_NON_LITERAL_NULL_CONVERSION = YES;
				CLANG_WARN_OBJC_IMPLICIT_RETAIN_SELF = YES;
				CLANG_WARN_OBJC_LITERAL_CONVERSION = YES;
				CLANG_WARN_OBJC_ROOT_CLASS = YES_ERROR;
				CLANG_WARN_QUOTED_INCLUDE_IN_FRAMEWORK_HEADER = YES;
				CLANG_WARN_RANGE_LOOP_ANALYSIS = YES;
				CLANG_WARN_STRICT_PROTOTYPES = YES;
				CLANG_WARN_SUSPICIOUS_MOVE = YES;
				CLANG_WARN_UNGUARDED_AVAILABILITY = YES_AGGRESSIVE;
				CLANG_WARN_UNREACHABLE_CODE = YES;
				CLANG_WARN__DUPLICATE_METHOD_MATCH = YES;
				COPY_PHASE_STRIP = NO;
				DEBUG_INFORMATION_FORMAT = dwarf;
				ENABLE_STRICT_OBJC_MSGSEND = YES;
				ENABLE_TESTABILITY = YES;
				GCC_C_LANGUAGE_STANDARD = gnu11;
				GCC_DYNAMIC_NO_PIC = NO;
				GCC_NO_COMMON_BLOCKS = YES;
				GCC_OPTIMIZATION_LEVEL = 0;
				GCC_PREPROCESSOR_DEFINITIONS = (
					"DEBUG=1",
					"$(inherited)",
				);
				GCC_WARN_64_TO_32_BIT_CONVERSION = YES;
				GCC_WARN_ABOUT_RETURN_TYPE = YES_ERROR;
				GCC_WARN_UNDECLARED_SELECTOR = YES;
				GCC_WARN_UNINITIALIZED_AUTOS = YES_AGGRESSIVE;
				GCC_WARN_UNUSED_FUNCTION = YES;
				GCC_WARN_UNUSED_VARIABLE = YES;
				IPHONEOS_DEPLOYMENT_TARGET = 14.2;
				MTL_ENABLE_DEBUG_INFO = INCLUDE_SOURCE;
				MTL_FAST_MATH = YES;
				ONLY_ACTIVE_ARCH = YES;
				SDKROOT = iphoneos;
				SWIFT_ACTIVE_COMPILATION_CONDITIONS = DEBUG;
				SWIFT_OPTIMIZATION_LEVEL = "-Onone";
			};
			name = Debug;
		};
		E684070A253CE69A00E621F1 /* Release */ = {
			isa = XCBuildConfiguration;
			buildSettings = {
				ALWAYS_SEARCH_USER_PATHS = NO;
				CLANG_ANALYZER_NONNULL = YES;
				CLANG_ANALYZER_NUMBER_OBJECT_CONVERSION = YES_AGGRESSIVE;
				CLANG_CXX_LANGUAGE_STANDARD = "gnu++14";
				CLANG_CXX_LIBRARY = "libc++";
				CLANG_ENABLE_MODULES = YES;
				CLANG_ENABLE_OBJC_ARC = YES;
				CLANG_ENABLE_OBJC_WEAK = YES;
				CLANG_WARN_BLOCK_CAPTURE_AUTORELEASING = YES;
				CLANG_WARN_BOOL_CONVERSION = YES;
				CLANG_WARN_COMMA = YES;
				CLANG_WARN_CONSTANT_CONVERSION = YES;
				CLANG_WARN_DEPRECATED_OBJC_IMPLEMENTATIONS = YES;
				CLANG_WARN_DIRECT_OBJC_ISA_USAGE = YES_ERROR;
				CLANG_WARN_DOCUMENTATION_COMMENTS = YES;
				CLANG_WARN_EMPTY_BODY = YES;
				CLANG_WARN_ENUM_CONVERSION = YES;
				CLANG_WARN_INFINITE_RECURSION = YES;
				CLANG_WARN_INT_CONVERSION = YES;
				CLANG_WARN_NON_LITERAL_NULL_CONVERSION = YES;
				CLANG_WARN_OBJC_IMPLICIT_RETAIN_SELF = YES;
				CLANG_WARN_OBJC_LITERAL_CONVERSION = YES;
				CLANG_WARN_OBJC_ROOT_CLASS = YES_ERROR;
				CLANG_WARN_QUOTED_INCLUDE_IN_FRAMEWORK_HEADER = YES;
				CLANG_WARN_RANGE_LOOP_ANALYSIS = YES;
				CLANG_WARN_STRICT_PROTOTYPES = YES;
				CLANG_WARN_SUSPICIOUS_MOVE = YES;
				CLANG_WARN_UNGUARDED_AVAILABILITY = YES_AGGRESSIVE;
				CLANG_WARN_UNREACHABLE_CODE = YES;
				CLANG_WARN__DUPLICATE_METHOD_MATCH = YES;
				COPY_PHASE_STRIP = NO;
				DEBUG_INFORMATION_FORMAT = "dwarf-with-dsym";
				ENABLE_NS_ASSERTIONS = NO;
				ENABLE_STRICT_OBJC_MSGSEND = YES;
				GCC_C_LANGUAGE_STANDARD = gnu11;
				GCC_NO_COMMON_BLOCKS = YES;
				GCC_WARN_64_TO_32_BIT_CONVERSION = YES;
				GCC_WARN_ABOUT_RETURN_TYPE = YES_ERROR;
				GCC_WARN_UNDECLARED_SELECTOR = YES;
				GCC_WARN_UNINITIALIZED_AUTOS = YES_AGGRESSIVE;
				GCC_WARN_UNUSED_FUNCTION = YES;
				GCC_WARN_UNUSED_VARIABLE = YES;
				IPHONEOS_DEPLOYMENT_TARGET = 14.2;
				MTL_ENABLE_DEBUG_INFO = NO;
				MTL_FAST_MATH = YES;
				SDKROOT = iphoneos;
				SWIFT_COMPILATION_MODE = wholemodule;
				SWIFT_OPTIMIZATION_LEVEL = "-O";
				VALIDATE_PRODUCT = YES;
			};
			name = Release;
		};
		E684070C253CE69A00E621F1 /* Debug */ = {
			isa = XCBuildConfiguration;
			buildSettings = {
				ASSETCATALOG_COMPILER_APPICON_NAME = AppIcon;
				ASSETCATALOG_COMPILER_GLOBAL_ACCENT_COLOR_NAME = AccentColor;
				CODE_SIGN_STYLE = Automatic;
				DEVELOPMENT_ASSET_PATHS = "\"SwiftUISceneKitCoreMotionDemo/Preview Content\"";
				DEVELOPMENT_TEAM = 7CCAB8L658;
				ENABLE_PREVIEWS = YES;
				INFOPLIST_FILE = SwiftUISceneKitCoreMotionDemo/Info.plist;
				IPHONEOS_DEPLOYMENT_TARGET = 14.0;
				LD_RUNPATH_SEARCH_PATHS = (
					"$(inherited)",
					"@executable_path/Frameworks",
				);
				PRODUCT_BUNDLE_IDENTIFIER = com.portablefrontier.SwiftUISceneKitCoreMotionDemo;
				PRODUCT_NAME = "$(TARGET_NAME)";
				SWIFT_VERSION = 5.0;
				TARGETED_DEVICE_FAMILY = "1,2";
			};
			name = Debug;
		};
		E684070D253CE69A00E621F1 /* Release */ = {
			isa = XCBuildConfiguration;
			buildSettings = {
				ASSETCATALOG_COMPILER_APPICON_NAME = AppIcon;
				ASSETCATALOG_COMPILER_GLOBAL_ACCENT_COLOR_NAME = AccentColor;
				CODE_SIGN_STYLE = Automatic;
				DEVELOPMENT_ASSET_PATHS = "\"SwiftUISceneKitCoreMotionDemo/Preview Content\"";
				DEVELOPMENT_TEAM = 7CCAB8L658;
				ENABLE_PREVIEWS = YES;
				INFOPLIST_FILE = SwiftUISceneKitCoreMotionDemo/Info.plist;
				IPHONEOS_DEPLOYMENT_TARGET = 14.0;
				LD_RUNPATH_SEARCH_PATHS = (
					"$(inherited)",
					"@executable_path/Frameworks",
				);
				PRODUCT_BUNDLE_IDENTIFIER = com.portablefrontier.SwiftUISceneKitCoreMotionDemo;
				PRODUCT_NAME = "$(TARGET_NAME)";
				SWIFT_VERSION = 5.0;
				TARGETED_DEVICE_FAMILY = "1,2";
			};
			name = Release;
		};
/* End XCBuildConfiguration section */

/* Begin XCConfigurationList section */
		E68406F7253CE69800E621F1 /* Build configuration list for PBXProject "SwiftUISceneKitCoreMotionDemo" */ = {
			isa = XCConfigurationList;
			buildConfigurations = (
				E6840709253CE69A00E621F1 /* Debug */,
				E684070A253CE69A00E621F1 /* Release */,
			);
			defaultConfigurationIsVisible = 0;
			defaultConfigurationName = Release;
		};
		E684070B253CE69A00E621F1 /* Build configuration list for PBXNativeTarget "SwiftUISceneKitCoreMotionDemo" */ = {
			isa = XCConfigurationList;
			buildConfigurations = (
				E684070C253CE69A00E621F1 /* Debug */,
				E684070D253CE69A00E621F1 /* Release */,
			);
			defaultConfigurationIsVisible = 0;
			defaultConfigurationName = Release;
		};
/* End XCConfigurationList section */
	};
	rootObject = E68406F4253CE69800E621F1 /* Project object */;
}
