// !$*UTF8*$!
{
	archiveVersion = 1;
	classes = {
	};
	objectVersion = 55;
	objects = {

/* Begin PBXBuildFile section */
		E60904042613CC1300C8ABF8 /* AircraftCamera.swift in Sources */ = {isa = PBXBuildFile; fileRef = E60904032613CC1300C8ABF8 /* AircraftCamera.swift */; };
		E60904062613D4F100C8ABF8 /* AircraftSceneView.swift in Sources */ = {isa = PBXBuildFile; fileRef = E60904052613D4F100C8ABF8 /* AircraftSceneView.swift */; };
		E62EA57F26EA9C8B0056C866 /* AircraftRCSButtons.swift in Sources */ = {isa = PBXBuildFile; fileRef = E62EA57E26EA9C8B0056C866 /* AircraftRCSButtons.swift */; };
		E641BA81282080A9007A4236 /* AircraftAtittudeView.swift in Sources */ = {isa = PBXBuildFile; fileRef = E641BA80282080A9007A4236 /* AircraftAtittudeView.swift */; };
		E646891A253CFAD4008BE1CC /* AircraftSceneKitScene.swift in Sources */ = {isa = PBXBuildFile; fileRef = E6468919253CFAD4008BE1CC /* AircraftSceneKitScene.swift */; };
		E64B1A6C27DFFE3900B0C7C7 /* AircraftState.swift in Sources */ = {isa = PBXBuildFile; fileRef = E64B1A6B27DFFE3800B0C7C7 /* AircraftState.swift */; };
		E65BEDA427FF86AA001ACB75 /* AircraftUserSettings.swift in Sources */ = {isa = PBXBuildFile; fileRef = E65BEDA327FF86A9001ACB75 /* AircraftUserSettings.swift */; };
		E65BEDA628028CB6001ACB75 /* AircraftCloudUserDefaults.swift in Sources */ = {isa = PBXBuildFile; fileRef = E65BEDA528028CB6001ACB75 /* AircraftCloudUserDefaults.swift */; };
		E660F70227FE8B6B00386E2A /* AircraftCloudDefaults.swift in Sources */ = {isa = PBXBuildFile; fileRef = E660F70127FE8B6B00386E2A /* AircraftCloudDefaults.swift */; };
		E67048D827FB9D1F0035D76A /* TopRowButtonsView.swift in Sources */ = {isa = PBXBuildFile; fileRef = E67048D727FB9D1F0035D76A /* TopRowButtonsView.swift */; };
		E67048DA27FBA47E0035D76A /* BottomRowButtonsView.swift in Sources */ = {isa = PBXBuildFile; fileRef = E67048D927FBA47E0035D76A /* BottomRowButtonsView.swift */; };
		E67048DC27FBA6B90035D76A /* AircraftControlsButtonsView.swift in Sources */ = {isa = PBXBuildFile; fileRef = E67048DB27FBA6B90035D76A /* AircraftControlsButtonsView.swift */; };
		E6777683269D4D7E004BE5EB /* AircraftSunlightButtonView.swift in Sources */ = {isa = PBXBuildFile; fileRef = E6777682269D4D7E004BE5EB /* AircraftSunlightButtonView.swift */; };
		E6777685269D4E0C004BE5EB /* AircraftSunlightButton.swift in Sources */ = {isa = PBXBuildFile; fileRef = E6777684269D4E0C004BE5EB /* AircraftSunlightButton.swift */; };
		E6777687269D5262004BE5EB /* AircraftSettingsButton.swift in Sources */ = {isa = PBXBuildFile; fileRef = E6777686269D5262004BE5EB /* AircraftSettingsButton.swift */; };
		E6777689269D52C5004BE5EB /* AircraftSettingsButtonView.swift in Sources */ = {isa = PBXBuildFile; fileRef = E6777688269D52C5004BE5EB /* AircraftSettingsButtonView.swift */; };
		E677768B269D57E5004BE5EB /* AircraftEngineAndRCSControlsView.swift in Sources */ = {isa = PBXBuildFile; fileRef = E677768A269D57E5004BE5EB /* AircraftEngineAndRCSControlsView.swift */; };
		E677768F269E4227004BE5EB /* AircraftHeaderView.swift in Sources */ = {isa = PBXBuildFile; fileRef = E677768E269E4227004BE5EB /* AircraftHeaderView.swift */; };
		E6777693269E4403004BE5EB /* AircraftAnimationHelpers.swift in Sources */ = {isa = PBXBuildFile; fileRef = E6777692269E4403004BE5EB /* AircraftAnimationHelpers.swift */; };
		E6840700253CE69800E621F1 /* SwiftUISceneKitCoreMotionDemoApp.swift in Sources */ = {isa = PBXBuildFile; fileRef = E68406FF253CE69800E621F1 /* SwiftUISceneKitCoreMotionDemoApp.swift */; };
		E6840702253CE69800E621F1 /* ContentView.swift in Sources */ = {isa = PBXBuildFile; fileRef = E6840701253CE69800E621F1 /* ContentView.swift */; };
		E6840704253CE69A00E621F1 /* Assets.xcassets in Resources */ = {isa = PBXBuildFile; fileRef = E6840703253CE69A00E621F1 /* Assets.xcassets */; };
		E6840707253CE69A00E621F1 /* Preview Assets.xcassets in Resources */ = {isa = PBXBuildFile; fileRef = E6840706253CE69A00E621F1 /* Preview Assets.xcassets */; };
		E6840710253CE7F600E621F1 /* MotionManager.swift in Sources */ = {isa = PBXBuildFile; fileRef = E684070F253CE7F600E621F1 /* MotionManager.swift */; };
		E6840717253CE8E000E621F1 /* AircraftSceneRendererDelegate.swift in Sources */ = {isa = PBXBuildFile; fileRef = E6840716253CE8E000E621F1 /* AircraftSceneRendererDelegate.swift */; };
		E684071A253CEA1500E621F1 /* art.scnassets in Resources */ = {isa = PBXBuildFile; fileRef = E6840719253CEA1500E621F1 /* art.scnassets */; };
		E69290A4265CC5FC007D3A6C /* AircraftCameraButtonsView.swift in Sources */ = {isa = PBXBuildFile; fileRef = E69290A3265CC5FC007D3A6C /* AircraftCameraButtonsView.swift */; };
		E69290A6265D97C5007D3A6C /* CircleButtonSize.swift in Sources */ = {isa = PBXBuildFile; fileRef = E69290A5265D97C5007D3A6C /* CircleButtonSize.swift */; };
		E69290A8265D9E8F007D3A6C /* AircraftCameraButton.swift in Sources */ = {isa = PBXBuildFile; fileRef = E69290A7265D9E8F007D3A6C /* AircraftCameraButton.swift */; };
		E69A879E26DED2840074A5AA /* AircraftRCSButtonsView.swift in Sources */ = {isa = PBXBuildFile; fileRef = E69A879C26DED2840074A5AA /* AircraftRCSButtonsView.swift */; };
		E69A87A426DF12620074A5AA /* CircleButtonHelper.swift in Sources */ = {isa = PBXBuildFile; fileRef = E69A87A226DF12620074A5AA /* CircleButtonHelper.swift */; };
		E6B6317F26C2E85C00E94CDC /* AircraftEngineThrottle.swift in Sources */ = {isa = PBXBuildFile; fileRef = E6B6317E26C2E85C00E94CDC /* AircraftEngineThrottle.swift */; };
		E6B6318126C2EF7F00E94CDC /* AircraftEngineThrottleSlider.swift in Sources */ = {isa = PBXBuildFile; fileRef = E6B6318026C2EF7F00E94CDC /* AircraftEngineThrottleSlider.swift */; };
		E6FE1A3727EBB252001A901D /* AircraftAnalyticsButton.swift in Sources */ = {isa = PBXBuildFile; fileRef = E6FE1A3627EBB252001A901D /* AircraftAnalyticsButton.swift */; };
		E6FE1A3927EBB2E6001A901D /* AircraftAnalyticsButtonView.swift in Sources */ = {isa = PBXBuildFile; fileRef = E6FE1A3827EBB2E6001A901D /* AircraftAnalyticsButtonView.swift */; };
		E6FE9B01282EFCCC009625E5 /* NumericEntryController.swift in Sources */ = {isa = PBXBuildFile; fileRef = E6FE9B00282EFCCC009625E5 /* NumericEntryController.swift */; };
		E6FE9B03282EFE3D009625E5 /* AircraftOrientationControlView.swift in Sources */ = {isa = PBXBuildFile; fileRef = E6FE9B02282EFE3D009625E5 /* AircraftOrientationControlView.swift */; };
/* End PBXBuildFile section */

/* Begin PBXFileReference section */
		E60904032613CC1300C8ABF8 /* AircraftCamera.swift */ = {isa = PBXFileReference; lastKnownFileType = sourcecode.swift; path = AircraftCamera.swift; sourceTree = "<group>"; };
		E60904052613D4F100C8ABF8 /* AircraftSceneView.swift */ = {isa = PBXFileReference; lastKnownFileType = sourcecode.swift; path = AircraftSceneView.swift; sourceTree = "<group>"; };
		E62EA57E26EA9C8B0056C866 /* AircraftRCSButtons.swift */ = {isa = PBXFileReference; fileEncoding = 4; lastKnownFileType = sourcecode.swift; path = AircraftRCSButtons.swift; sourceTree = "<group>"; };
		E641BA80282080A9007A4236 /* AircraftAtittudeView.swift */ = {isa = PBXFileReference; lastKnownFileType = sourcecode.swift; path = AircraftAtittudeView.swift; sourceTree = "<group>"; };
		E6468919253CFAD4008BE1CC /* AircraftSceneKitScene.swift */ = {isa = PBXFileReference; lastKnownFileType = sourcecode.swift; path = AircraftSceneKitScene.swift; sourceTree = "<group>"; };
		E64B1A6B27DFFE3800B0C7C7 /* AircraftState.swift */ = {isa = PBXFileReference; lastKnownFileType = sourcecode.swift; path = AircraftState.swift; sourceTree = "<group>"; };
		E65BEDA327FF86A9001ACB75 /* AircraftUserSettings.swift */ = {isa = PBXFileReference; lastKnownFileType = sourcecode.swift; path = AircraftUserSettings.swift; sourceTree = "<group>"; };
		E65BEDA528028CB6001ACB75 /* AircraftCloudUserDefaults.swift */ = {isa = PBXFileReference; lastKnownFileType = sourcecode.swift; path = AircraftCloudUserDefaults.swift; sourceTree = "<group>"; };
		E660F70127FE8B6B00386E2A /* AircraftCloudDefaults.swift */ = {isa = PBXFileReference; lastKnownFileType = sourcecode.swift; path = AircraftCloudDefaults.swift; sourceTree = "<group>"; };
		E67048D627FA45FA0035D76A /* SwiftUISceneKitCoreMotionDemo.entitlements */ = {isa = PBXFileReference; lastKnownFileType = text.plist.entitlements; path = SwiftUISceneKitCoreMotionDemo.entitlements; sourceTree = "<group>"; };
		E67048D727FB9D1F0035D76A /* TopRowButtonsView.swift */ = {isa = PBXFileReference; lastKnownFileType = sourcecode.swift; path = TopRowButtonsView.swift; sourceTree = "<group>"; };
		E67048D927FBA47E0035D76A /* BottomRowButtonsView.swift */ = {isa = PBXFileReference; lastKnownFileType = sourcecode.swift; path = BottomRowButtonsView.swift; sourceTree = "<group>"; };
		E67048DB27FBA6B90035D76A /* AircraftControlsButtonsView.swift */ = {isa = PBXFileReference; lastKnownFileType = sourcecode.swift; path = AircraftControlsButtonsView.swift; sourceTree = "<group>"; };
		E6777682269D4D7E004BE5EB /* AircraftSunlightButtonView.swift */ = {isa = PBXFileReference; lastKnownFileType = sourcecode.swift; path = AircraftSunlightButtonView.swift; sourceTree = "<group>"; };
		E6777684269D4E0C004BE5EB /* AircraftSunlightButton.swift */ = {isa = PBXFileReference; lastKnownFileType = sourcecode.swift; path = AircraftSunlightButton.swift; sourceTree = "<group>"; };
		E6777686269D5262004BE5EB /* AircraftSettingsButton.swift */ = {isa = PBXFileReference; lastKnownFileType = sourcecode.swift; path = AircraftSettingsButton.swift; sourceTree = "<group>"; };
		E6777688269D52C5004BE5EB /* AircraftSettingsButtonView.swift */ = {isa = PBXFileReference; lastKnownFileType = sourcecode.swift; path = AircraftSettingsButtonView.swift; sourceTree = "<group>"; };
		E677768A269D57E5004BE5EB /* AircraftEngineAndRCSControlsView.swift */ = {isa = PBXFileReference; lastKnownFileType = sourcecode.swift; path = AircraftEngineAndRCSControlsView.swift; sourceTree = "<group>"; };
		E677768E269E4227004BE5EB /* AircraftHeaderView.swift */ = {isa = PBXFileReference; lastKnownFileType = sourcecode.swift; path = AircraftHeaderView.swift; sourceTree = "<group>"; };
		E6777692269E4403004BE5EB /* AircraftAnimationHelpers.swift */ = {isa = PBXFileReference; lastKnownFileType = sourcecode.swift; path = AircraftAnimationHelpers.swift; sourceTree = "<group>"; };
		E68406FC253CE69800E621F1 /* SwiftUISceneKitCoreMotionDemo.app */ = {isa = PBXFileReference; explicitFileType = wrapper.application; includeInIndex = 0; path = SwiftUISceneKitCoreMotionDemo.app; sourceTree = BUILT_PRODUCTS_DIR; };
		E68406FF253CE69800E621F1 /* SwiftUISceneKitCoreMotionDemoApp.swift */ = {isa = PBXFileReference; lastKnownFileType = sourcecode.swift; path = SwiftUISceneKitCoreMotionDemoApp.swift; sourceTree = "<group>"; };
		E6840701253CE69800E621F1 /* ContentView.swift */ = {isa = PBXFileReference; lastKnownFileType = sourcecode.swift; path = ContentView.swift; sourceTree = "<group>"; };
		E6840703253CE69A00E621F1 /* Assets.xcassets */ = {isa = PBXFileReference; lastKnownFileType = folder.assetcatalog; path = Assets.xcassets; sourceTree = "<group>"; };
		E6840706253CE69A00E621F1 /* Preview Assets.xcassets */ = {isa = PBXFileReference; lastKnownFileType = folder.assetcatalog; path = "Preview Assets.xcassets"; sourceTree = "<group>"; };
		E6840708253CE69A00E621F1 /* Info.plist */ = {isa = PBXFileReference; lastKnownFileType = text.plist.xml; path = Info.plist; sourceTree = "<group>"; };
		E684070F253CE7F600E621F1 /* MotionManager.swift */ = {isa = PBXFileReference; fileEncoding = 4; lastKnownFileType = sourcecode.swift; path = MotionManager.swift; sourceTree = "<group>"; };
		E6840716253CE8E000E621F1 /* AircraftSceneRendererDelegate.swift */ = {isa = PBXFileReference; fileEncoding = 4; lastKnownFileType = sourcecode.swift; path = AircraftSceneRendererDelegate.swift; sourceTree = "<group>"; };
		E6840719253CEA1500E621F1 /* art.scnassets */ = {isa = PBXFileReference; lastKnownFileType = wrapper.scnassets; path = art.scnassets; sourceTree = "<group>"; };
		E69290A3265CC5FC007D3A6C /* AircraftCameraButtonsView.swift */ = {isa = PBXFileReference; lastKnownFileType = sourcecode.swift; path = AircraftCameraButtonsView.swift; sourceTree = "<group>"; };
		E69290A5265D97C5007D3A6C /* CircleButtonSize.swift */ = {isa = PBXFileReference; fileEncoding = 4; lastKnownFileType = sourcecode.swift; path = CircleButtonSize.swift; sourceTree = "<group>"; };
		E69290A7265D9E8F007D3A6C /* AircraftCameraButton.swift */ = {isa = PBXFileReference; lastKnownFileType = sourcecode.swift; path = AircraftCameraButton.swift; sourceTree = "<group>"; };
		E69A879C26DED2840074A5AA /* AircraftRCSButtonsView.swift */ = {isa = PBXFileReference; fileEncoding = 4; lastKnownFileType = sourcecode.swift; path = AircraftRCSButtonsView.swift; sourceTree = "<group>"; };
		E69A87A226DF12620074A5AA /* CircleButtonHelper.swift */ = {isa = PBXFileReference; fileEncoding = 4; lastKnownFileType = sourcecode.swift; path = CircleButtonHelper.swift; sourceTree = "<group>"; };
		E6B6317E26C2E85C00E94CDC /* AircraftEngineThrottle.swift */ = {isa = PBXFileReference; lastKnownFileType = sourcecode.swift; path = AircraftEngineThrottle.swift; sourceTree = "<group>"; };
		E6B6318026C2EF7F00E94CDC /* AircraftEngineThrottleSlider.swift */ = {isa = PBXFileReference; lastKnownFileType = sourcecode.swift; path = AircraftEngineThrottleSlider.swift; sourceTree = "<group>"; };
		E6FE1A3627EBB252001A901D /* AircraftAnalyticsButton.swift */ = {isa = PBXFileReference; lastKnownFileType = sourcecode.swift; path = AircraftAnalyticsButton.swift; sourceTree = "<group>"; };
		E6FE1A3827EBB2E6001A901D /* AircraftAnalyticsButtonView.swift */ = {isa = PBXFileReference; lastKnownFileType = sourcecode.swift; path = AircraftAnalyticsButtonView.swift; sourceTree = "<group>"; };
		E6FE9B00282EFCCC009625E5 /* NumericEntryController.swift */ = {isa = PBXFileReference; lastKnownFileType = sourcecode.swift; path = NumericEntryController.swift; sourceTree = "<group>"; };
		E6FE9B02282EFE3D009625E5 /* AircraftOrientationControlView.swift */ = {isa = PBXFileReference; lastKnownFileType = sourcecode.swift; path = AircraftOrientationControlView.swift; sourceTree = "<group>"; };
/* End PBXFileReference section */

/* Begin PBXFrameworksBuildPhase section */
		E68406F9253CE69800E621F1 /* Frameworks */ = {
			isa = PBXFrameworksBuildPhase;
			buildActionMask = 2147483647;
			files = (
			);
			runOnlyForDeploymentPostprocessing = 0;
		};
/* End PBXFrameworksBuildPhase section */

/* Begin PBXGroup section */
		E662F3AC2817406A0086C09F /* User Defaults */ = {
			isa = PBXGroup;
			children = (
				E660F70127FE8B6B00386E2A /* AircraftCloudDefaults.swift */,
				E65BEDA528028CB6001ACB75 /* AircraftCloudUserDefaults.swift */,
				E65BEDA327FF86A9001ACB75 /* AircraftUserSettings.swift */,
			);
			path = "User Defaults";
			sourceTree = "<group>";
		};
		E6777690269E42A6004BE5EB /* Aircraft Buttons Views */ = {
			isa = PBXGroup;
			children = (
				E67048D727FB9D1F0035D76A /* TopRowButtonsView.swift */,
				E69290A3265CC5FC007D3A6C /* AircraftCameraButtonsView.swift */,
				E6777688269D52C5004BE5EB /* AircraftSettingsButtonView.swift */,
				E677768A269D57E5004BE5EB /* AircraftEngineAndRCSControlsView.swift */,
				E67048DB27FBA6B90035D76A /* AircraftControlsButtonsView.swift */,
				E67048D927FBA47E0035D76A /* BottomRowButtonsView.swift */,
				E6777682269D4D7E004BE5EB /* AircraftSunlightButtonView.swift */,
				E6FE1A3827EBB2E6001A901D /* AircraftAnalyticsButtonView.swift */,
			);
			path = "Aircraft Buttons Views";
			sourceTree = "<group>";
		};
		E6777691269E42BD004BE5EB /* AircraftScene */ = {
			isa = PBXGroup;
			children = (
				E60904052613D4F100C8ABF8 /* AircraftSceneView.swift */,
				E6468919253CFAD4008BE1CC /* AircraftSceneKitScene.swift */,
				E6840716253CE8E000E621F1 /* AircraftSceneRendererDelegate.swift */,
				E684070F253CE7F600E621F1 /* MotionManager.swift */,
			);
			path = AircraftScene;
			sourceTree = "<group>";
		};
		E6777694269E4486004BE5EB /* Aircraft Code Helpers */ = {
			isa = PBXGroup;
			children = (
				E6777692269E4403004BE5EB /* AircraftAnimationHelpers.swift */,
				E69290A5265D97C5007D3A6C /* CircleButtonSize.swift */,
				E69A87A226DF12620074A5AA /* CircleButtonHelper.swift */,
			);
			path = "Aircraft Code Helpers";
			sourceTree = "<group>";
		};
		E68406F3253CE69800E621F1 = {
			isa = PBXGroup;
			children = (
				E68406FE253CE69800E621F1 /* SwiftUISceneKitCoreMotionDemo */,
				E68406FD253CE69800E621F1 /* Products */,
			);
			sourceTree = "<group>";
		};
		E68406FD253CE69800E621F1 /* Products */ = {
			isa = PBXGroup;
			children = (
				E68406FC253CE69800E621F1 /* SwiftUISceneKitCoreMotionDemo.app */,
			);
			name = Products;
			sourceTree = "<group>";
		};
		E68406FE253CE69800E621F1 /* SwiftUISceneKitCoreMotionDemo */ = {
			isa = PBXGroup;
			children = (
				E67048D627FA45FA0035D76A /* SwiftUISceneKitCoreMotionDemo.entitlements */,
				E68406FF253CE69800E621F1 /* SwiftUISceneKitCoreMotionDemoApp.swift */,
				E6840701253CE69800E621F1 /* ContentView.swift */,
				E677768E269E4227004BE5EB /* AircraftHeaderView.swift */,
				E641BA80282080A9007A4236 /* AircraftAtittudeView.swift */,
				E6FE9B00282EFCCC009625E5 /* NumericEntryController.swift */,
				E6FE9B02282EFE3D009625E5 /* AircraftOrientationControlView.swift */,
				E6777691269E42BD004BE5EB /* AircraftScene */,
				E6777690269E42A6004BE5EB /* Aircraft Buttons Views */,
				E6777694269E4486004BE5EB /* Aircraft Code Helpers */,
				E6E17ACD26C9B7EA003A347E /* Engines */,
				E69A879426DED1170074A5AA /* RCS */,
				E69A879526DED12B0074A5AA /* Observable Objects */,
				E662F3AC2817406A0086C09F /* User Defaults */,
				E6840703253CE69A00E621F1 /* Assets.xcassets */,
				E6840719253CEA1500E621F1 /* art.scnassets */,
				E6840708253CE69A00E621F1 /* Info.plist */,
				E6840705253CE69A00E621F1 /* Preview Content */,
			);
			path = SwiftUISceneKitCoreMotionDemo;
			sourceTree = "<group>";
		};
		E6840705253CE69A00E621F1 /* Preview Content */ = {
			isa = PBXGroup;
			children = (
				E6840706253CE69A00E621F1 /* Preview Assets.xcassets */,
			);
			path = "Preview Content";
			sourceTree = "<group>";
		};
		E69A879426DED1170074A5AA /* RCS */ = {
			isa = PBXGroup;
			children = (
				E69A879C26DED2840074A5AA /* AircraftRCSButtonsView.swift */,
			);
			path = RCS;
			sourceTree = "<group>";
		};
		E69A879526DED12B0074A5AA /* Observable Objects */ = {
			isa = PBXGroup;
			children = (
				E64B1A6B27DFFE3800B0C7C7 /* AircraftState.swift */,
				E6777684269D4E0C004BE5EB /* AircraftSunlightButton.swift */,
				E60904032613CC1300C8ABF8 /* AircraftCamera.swift */,
				E69290A7265D9E8F007D3A6C /* AircraftCameraButton.swift */,
				E6777686269D5262004BE5EB /* AircraftSettingsButton.swift */,
				E6B6317E26C2E85C00E94CDC /* AircraftEngineThrottle.swift */,
				E62EA57E26EA9C8B0056C866 /* AircraftRCSButtons.swift */,
				E6FE1A3627EBB252001A901D /* AircraftAnalyticsButton.swift */,
			);
			path = "Observable Objects";
			sourceTree = "<group>";
		};
		E6E17ACD26C9B7EA003A347E /* Engines */ = {
			isa = PBXGroup;
			children = (
				E6B6318026C2EF7F00E94CDC /* AircraftEngineThrottleSlider.swift */,
			);
			path = Engines;
			sourceTree = "<group>";
		};
/* End PBXGroup section */

/* Begin PBXNativeTarget section */
		E68406FB253CE69800E621F1 /* SwiftUISceneKitCoreMotionDemo */ = {
			isa = PBXNativeTarget;
			buildConfigurationList = E684070B253CE69A00E621F1 /* Build configuration list for PBXNativeTarget "SwiftUISceneKitCoreMotionDemo" */;
			buildPhases = (
				E68406F8253CE69800E621F1 /* Sources */,
				E68406F9253CE69800E621F1 /* Frameworks */,
				E68406FA253CE69800E621F1 /* Resources */,
			);
			buildRules = (
			);
			dependencies = (
			);
			name = SwiftUISceneKitCoreMotionDemo;
			productName = SwiftUISceneKitCoreMotionDemo;
			productReference = E68406FC253CE69800E621F1 /* SwiftUISceneKitCoreMotionDemo.app */;
			productType = "com.apple.product-type.application";
		};
/* End PBXNativeTarget section */

/* Begin PBXProject section */
		E68406F4253CE69800E621F1 /* Project object */ = {
			isa = PBXProject;
			attributes = {
				LastSwiftUpdateCheck = 1220;
				LastUpgradeCheck = 1220;
				TargetAttributes = {
					E68406FB253CE69800E621F1 = {
						CreatedOnToolsVersion = 12.2;
					};
				};
			};
			buildConfigurationList = E68406F7253CE69800E621F1 /* Build configuration list for PBXProject "SwiftUISceneKitCoreMotionDemo" */;
			compatibilityVersion = "Xcode 13.0";
			developmentRegion = en;
			hasScannedForEncodings = 0;
			knownRegions = (
				en,
				Base,
			);
			mainGroup = E68406F3253CE69800E621F1;
			productRefGroup = E68406FD253CE69800E621F1 /* Products */;
			projectDirPath = "";
			projectRoot = "";
			targets = (
				E68406FB253CE69800E621F1 /* SwiftUISceneKitCoreMotionDemo */,
			);
		};
/* End PBXProject section */

/* Begin PBXResourcesBuildPhase section */
		E68406FA253CE69800E621F1 /* Resources */ = {
			isa = PBXResourcesBuildPhase;
			buildActionMask = 2147483647;
			files = (
				E6840707253CE69A00E621F1 /* Preview Assets.xcassets in Resources */,
				E684071A253CEA1500E621F1 /* art.scnassets in Resources */,
				E6840704253CE69A00E621F1 /* Assets.xcassets in Resources */,
			);
			runOnlyForDeploymentPostprocessing = 0;
		};
/* End PBXResourcesBuildPhase section */

/* Begin PBXSourcesBuildPhase section */
		E68406F8253CE69800E621F1 /* Sources */ = {
			isa = PBXSourcesBuildPhase;
			buildActionMask = 2147483647;
			files = (
				E6FE9B01282EFCCC009625E5 /* NumericEntryController.swift in Sources */,
				E641BA81282080A9007A4236 /* AircraftAtittudeView.swift in Sources */,
				E646891A253CFAD4008BE1CC /* AircraftSceneKitScene.swift in Sources */,
				E677768B269D57E5004BE5EB /* AircraftEngineAndRCSControlsView.swift in Sources */,
				E6840702253CE69800E621F1 /* ContentView.swift in Sources */,
				E6FE1A3927EBB2E6001A901D /* AircraftAnalyticsButtonView.swift in Sources */,
				E69290A8265D9E8F007D3A6C /* AircraftCameraButton.swift in Sources */,
				E69290A4265CC5FC007D3A6C /* AircraftCameraButtonsView.swift in Sources */,
				E67048D827FB9D1F0035D76A /* TopRowButtonsView.swift in Sources */,
				E65BEDA628028CB6001ACB75 /* AircraftCloudUserDefaults.swift in Sources */,
				E69A87A426DF12620074A5AA /* CircleButtonHelper.swift in Sources */,
				E69290A6265D97C5007D3A6C /* CircleButtonSize.swift in Sources */,
				E6777685269D4E0C004BE5EB /* AircraftSunlightButton.swift in Sources */,
				E67048DC27FBA6B90035D76A /* AircraftControlsButtonsView.swift in Sources */,
				E6777693269E4403004BE5EB /* AircraftAnimationHelpers.swift in Sources */,
				E6B6318126C2EF7F00E94CDC /* AircraftEngineThrottleSlider.swift in Sources */,
				E660F70227FE8B6B00386E2A /* AircraftCloudDefaults.swift in Sources */,
				E677768F269E4227004BE5EB /* AircraftHeaderView.swift in Sources */,
				E65BEDA427FF86AA001ACB75 /* AircraftUserSettings.swift in Sources */,
				E6777687269D5262004BE5EB /* AircraftSettingsButton.swift in Sources */,
				E6777683269D4D7E004BE5EB /* AircraftSunlightButtonView.swift in Sources */,
				E6B6317F26C2E85C00E94CDC /* AircraftEngineThrottle.swift in Sources */,
				E6840717253CE8E000E621F1 /* AircraftSceneRendererDelegate.swift in Sources */,
				E6FE1A3727EBB252001A901D /* AircraftAnalyticsButton.swift in Sources */,
				E69A879E26DED2840074A5AA /* AircraftRCSButtonsView.swift in Sources */,
				E6840710253CE7F600E621F1 /* MotionManager.swift in Sources */,
				E6777689269D52C5004BE5EB /* AircraftSettingsButtonView.swift in Sources */,
				E67048DA27FBA47E0035D76A /* BottomRowButtonsView.swift in Sources */,
				E64B1A6C27DFFE3900B0C7C7 /* AircraftState.swift in Sources */,
				E62EA57F26EA9C8B0056C866 /* AircraftRCSButtons.swift in Sources */,
				E6840700253CE69800E621F1 /* SwiftUISceneKitCoreMotionDemoApp.swift in Sources */,
				E6FE9B03282EFE3D009625E5 /* AircraftOrientationControlView.swift in Sources */,
				E60904042613CC1300C8ABF8 /* AircraftCamera.swift in Sources */,
				E60904062613D4F100C8ABF8 /* AircraftSceneView.swift in Sources */,
			);
			runOnlyForDeploymentPostprocessing = 0;
		};
/* End PBXSourcesBuildPhase section */

/* Begin XCBuildConfiguration section */
		E6840709253CE69A00E621F1 /* Debug */ = {
			isa = XCBuildConfiguration;
			buildSettings = {
				ALWAYS_SEARCH_USER_PATHS = NO;
				CLANG_ANALYZER_NONNULL = YES;
				CLANG_ANALYZER_NUMBER_OBJECT_CONVERSION = YES_AGGRESSIVE;
				CLANG_CXX_LANGUAGE_STANDARD = "gnu++14";
				CLANG_CXX_LIBRARY = "libc++";
				CLANG_ENABLE_MODULES = YES;
				CLANG_ENABLE_OBJC_ARC = YES;
				CLANG_ENABLE_OBJC_WEAK = YES;
				CLANG_WARN_BLOCK_CAPTURE_AUTORELEASING = YES;
				CLANG_WARN_BOOL_CONVERSION = YES;
				CLANG_WARN_COMMA = YES;
				CLANG_WARN_CONSTANT_CONVERSION = YES;
				CLANG_WARN_DEPRECATED_OBJC_IMPLEMENTATIONS = YES;
				CLANG_WARN_DIRECT_OBJC_ISA_USAGE = YES_ERROR;
				CLANG_WARN_DOCUMENTATION_COMMENTS = YES;
				CLANG_WARN_EMPTY_BODY = YES;
				CLANG_WARN_ENUM_CONVERSION = YES;
				CLANG_WARN_INFINITE_RECURSION = YES;
				CLANG_WARN_INT_CONVERSION = YES;
				CLANG_WARN_NON_LITERAL_NULL_CONVERSION = YES;
				CLANG_WARN_OBJC_IMPLICIT_RETAIN_SELF = YES;
				CLANG_WARN_OBJC_LITERAL_CONVERSION = YES;
				CLANG_WARN_OBJC_ROOT_CLASS = YES_ERROR;
				CLANG_WARN_QUOTED_INCLUDE_IN_FRAMEWORK_HEADER = YES;
				CLANG_WARN_RANGE_LOOP_ANALYSIS = YES;
				CLANG_WARN_STRICT_PROTOTYPES = YES;
				CLANG_WARN_SUSPICIOUS_MOVE = YES;
				CLANG_WARN_UNGUARDED_AVAILABILITY = YES_AGGRESSIVE;
				CLANG_WARN_UNREACHABLE_CODE = YES;
				CLANG_WARN__DUPLICATE_METHOD_MATCH = YES;
				COPY_PHASE_STRIP = NO;
				DEBUG_INFORMATION_FORMAT = dwarf;
				ENABLE_STRICT_OBJC_MSGSEND = YES;
				ENABLE_TESTABILITY = YES;
				GCC_C_LANGUAGE_STANDARD = gnu11;
				GCC_DYNAMIC_NO_PIC = NO;
				GCC_NO_COMMON_BLOCKS = YES;
				GCC_OPTIMIZATION_LEVEL = 0;
				GCC_PREPROCESSOR_DEFINITIONS = (
					"DEBUG=1",
					"$(inherited)",
				);
				GCC_WARN_64_TO_32_BIT_CONVERSION = YES;
				GCC_WARN_ABOUT_RETURN_TYPE = YES_ERROR;
				GCC_WARN_UNDECLARED_SELECTOR = YES;
				GCC_WARN_UNINITIALIZED_AUTOS = YES_AGGRESSIVE;
				GCC_WARN_UNUSED_FUNCTION = YES;
				GCC_WARN_UNUSED_VARIABLE = YES;
				IPHONEOS_DEPLOYMENT_TARGET = 15.4;
				MTL_ENABLE_DEBUG_INFO = INCLUDE_SOURCE;
				MTL_FAST_MATH = YES;
				ONLY_ACTIVE_ARCH = YES;
				SDKROOT = iphoneos;
				SWIFT_ACTIVE_COMPILATION_CONDITIONS = DEBUG;
				SWIFT_OPTIMIZATION_LEVEL = "-Onone";
			};
			name = Debug;
		};
		E684070A253CE69A00E621F1 /* Release */ = {
			isa = XCBuildConfiguration;
			buildSettings = {
				ALWAYS_SEARCH_USER_PATHS = NO;
				CLANG_ANALYZER_NONNULL = YES;
				CLANG_ANALYZER_NUMBER_OBJECT_CONVERSION = YES_AGGRESSIVE;
				CLANG_CXX_LANGUAGE_STANDARD = "gnu++14";
				CLANG_CXX_LIBRARY = "libc++";
				CLANG_ENABLE_MODULES = YES;
				CLANG_ENABLE_OBJC_ARC = YES;
				CLANG_ENABLE_OBJC_WEAK = YES;
				CLANG_WARN_BLOCK_CAPTURE_AUTORELEASING = YES;
				CLANG_WARN_BOOL_CONVERSION = YES;
				CLANG_WARN_COMMA = YES;
				CLANG_WARN_CONSTANT_CONVERSION = YES;
				CLANG_WARN_DEPRECATED_OBJC_IMPLEMENTATIONS = YES;
				CLANG_WARN_DIRECT_OBJC_ISA_USAGE = YES_ERROR;
				CLANG_WARN_DOCUMENTATION_COMMENTS = YES;
				CLANG_WARN_EMPTY_BODY = YES;
				CLANG_WARN_ENUM_CONVERSION = YES;
				CLANG_WARN_INFINITE_RECURSION = YES;
				CLANG_WARN_INT_CONVERSION = YES;
				CLANG_WARN_NON_LITERAL_NULL_CONVERSION = YES;
				CLANG_WARN_OBJC_IMPLICIT_RETAIN_SELF = YES;
				CLANG_WARN_OBJC_LITERAL_CONVERSION = YES;
				CLANG_WARN_OBJC_ROOT_CLASS = YES_ERROR;
				CLANG_WARN_QUOTED_INCLUDE_IN_FRAMEWORK_HEADER = YES;
				CLANG_WARN_RANGE_LOOP_ANALYSIS = YES;
				CLANG_WARN_STRICT_PROTOTYPES = YES;
				CLANG_WARN_SUSPICIOUS_MOVE = YES;
				CLANG_WARN_UNGUARDED_AVAILABILITY = YES_AGGRESSIVE;
				CLANG_WARN_UNREACHABLE_CODE = YES;
				CLANG_WARN__DUPLICATE_METHOD_MATCH = YES;
				COPY_PHASE_STRIP = NO;
				DEBUG_INFORMATION_FORMAT = "dwarf-with-dsym";
				ENABLE_NS_ASSERTIONS = NO;
				ENABLE_STRICT_OBJC_MSGSEND = YES;
				GCC_C_LANGUAGE_STANDARD = gnu11;
				GCC_NO_COMMON_BLOCKS = YES;
				GCC_WARN_64_TO_32_BIT_CONVERSION = YES;
				GCC_WARN_ABOUT_RETURN_TYPE = YES_ERROR;
				GCC_WARN_UNDECLARED_SELECTOR = YES;
				GCC_WARN_UNINITIALIZED_AUTOS = YES_AGGRESSIVE;
				GCC_WARN_UNUSED_FUNCTION = YES;
				GCC_WARN_UNUSED_VARIABLE = YES;
				IPHONEOS_DEPLOYMENT_TARGET = 15.4;
				MTL_ENABLE_DEBUG_INFO = NO;
				MTL_FAST_MATH = YES;
				SDKROOT = iphoneos;
				SWIFT_COMPILATION_MODE = wholemodule;
				SWIFT_OPTIMIZATION_LEVEL = "-O";
				VALIDATE_PRODUCT = YES;
			};
			name = Release;
		};
		E684070C253CE69A00E621F1 /* Debug */ = {
			isa = XCBuildConfiguration;
			buildSettings = {
				ASSETCATALOG_COMPILER_APPICON_NAME = AppIcon;
				ASSETCATALOG_COMPILER_GLOBAL_ACCENT_COLOR_NAME = AccentColor;
				CODE_SIGN_ENTITLEMENTS = SwiftUISceneKitCoreMotionDemo/SwiftUISceneKitCoreMotionDemo.entitlements;
				CODE_SIGN_STYLE = Automatic;
				DEVELOPMENT_ASSET_PATHS = "\"SwiftUISceneKitCoreMotionDemo/Preview Content\"";
				DEVELOPMENT_TEAM = 7CCAB8L658;
				ENABLE_PREVIEWS = YES;
				INFOPLIST_FILE = SwiftUISceneKitCoreMotionDemo/Info.plist;
				IPHONEOS_DEPLOYMENT_TARGET = 15.4;
				LD_RUNPATH_SEARCH_PATHS = (
					"$(inherited)",
					"@executable_path/Frameworks",
				);
				PRODUCT_BUNDLE_IDENTIFIER = com.portablefrontier.SwiftUISceneKitCoreMotionDemo;
				PRODUCT_NAME = "$(TARGET_NAME)";
				SWIFT_VERSION = 5.0;
				TARGETED_DEVICE_FAMILY = "1,2";
			};
			name = Debug;
		};
		E684070D253CE69A00E621F1 /* Release */ = {
			isa = XCBuildConfiguration;
			buildSettings = {
				ASSETCATALOG_COMPILER_APPICON_NAME = AppIcon;
				ASSETCATALOG_COMPILER_GLOBAL_ACCENT_COLOR_NAME = AccentColor;
				CODE_SIGN_ENTITLEMENTS = SwiftUISceneKitCoreMotionDemo/SwiftUISceneKitCoreMotionDemo.entitlements;
				CODE_SIGN_STYLE = Automatic;
				DEVELOPMENT_ASSET_PATHS = "\"SwiftUISceneKitCoreMotionDemo/Preview Content\"";
				DEVELOPMENT_TEAM = 7CCAB8L658;
				ENABLE_PREVIEWS = YES;
				INFOPLIST_FILE = SwiftUISceneKitCoreMotionDemo/Info.plist;
				IPHONEOS_DEPLOYMENT_TARGET = 15.4;
				LD_RUNPATH_SEARCH_PATHS = (
					"$(inherited)",
					"@executable_path/Frameworks",
				);
				PRODUCT_BUNDLE_IDENTIFIER = com.portablefrontier.SwiftUISceneKitCoreMotionDemo;
				PRODUCT_NAME = "$(TARGET_NAME)";
				SWIFT_VERSION = 5.0;
				TARGETED_DEVICE_FAMILY = "1,2";
			};
			name = Release;
		};
/* End XCBuildConfiguration section */

/* Begin XCConfigurationList section */
		E68406F7253CE69800E621F1 /* Build configuration list for PBXProject "SwiftUISceneKitCoreMotionDemo" */ = {
			isa = XCConfigurationList;
			buildConfigurations = (
				E6840709253CE69A00E621F1 /* Debug */,
				E684070A253CE69A00E621F1 /* Release */,
			);
			defaultConfigurationIsVisible = 0;
			defaultConfigurationName = Release;
		};
		E684070B253CE69A00E621F1 /* Build configuration list for PBXNativeTarget "SwiftUISceneKitCoreMotionDemo" */ = {
			isa = XCConfigurationList;
			buildConfigurations = (
				E684070C253CE69A00E621F1 /* Debug */,
				E684070D253CE69A00E621F1 /* Release */,
			);
			defaultConfigurationIsVisible = 0;
			defaultConfigurationName = Release;
		};
/* End XCConfigurationList section */
	};
	rootObject = E68406F4253CE69800E621F1 /* Project object */;
}
